// !$*UTF8*$!
{
	archiveVersion = 1;
	classes = {
	};
	objectVersion = 46;
	objects = {

/* Begin PBXBuildFile section */
		844DC8B019DB6D6300C6DAC1 /* main.cpp in Sources */ = {isa = PBXBuildFile; fileRef = 844DC8AF19DB6D6300C6DAC1 /* main.cpp */; };
		844DC8B219DB6D6300C6DAC1 /* ESN.1 in CopyFiles */ = {isa = PBXBuildFile; fileRef = 844DC8B119DB6D6300C6DAC1 /* ESN.1 */; };
		844DC8BA19DB6DEB00C6DAC1 /* NARMA.cpp in Sources */ = {isa = PBXBuildFile; fileRef = 844DC8B819DB6DEB00C6DAC1 /* NARMA.cpp */; };
		844DC8BD19DB77CA00C6DAC1 /* Input.cpp in Sources */ = {isa = PBXBuildFile; fileRef = 844DC8BB19DB77CA00C6DAC1 /* Input.cpp */; };
		844DC8C119DB7FA400C6DAC1 /* ESN.cpp in Sources */ = {isa = PBXBuildFile; fileRef = 844DC8BF19DB7FA400C6DAC1 /* ESN.cpp */; };
		84F04AEE19DC6D400038B6F3 /* MackeyGlass.cpp in Sources */ = {isa = PBXBuildFile; fileRef = 84F04AEC19DC6D400038B6F3 /* MackeyGlass.cpp */; };
/* End PBXBuildFile section */

/* Begin PBXCopyFilesBuildPhase section */
		844DC8AA19DB6D6300C6DAC1 /* CopyFiles */ = {
			isa = PBXCopyFilesBuildPhase;
			buildActionMask = 2147483647;
			dstPath = /usr/share/man/man1/;
			dstSubfolderSpec = 0;
			files = (
				844DC8B219DB6D6300C6DAC1 /* ESN.1 in CopyFiles */,
			);
			runOnlyForDeploymentPostprocessing = 1;
		};
/* End PBXCopyFilesBuildPhase section */

/* Begin PBXFileReference section */
		844DC8AC19DB6D6300C6DAC1 /* ESN */ = {isa = PBXFileReference; explicitFileType = "compiled.mach-o.executable"; includeInIndex = 0; path = ESN; sourceTree = BUILT_PRODUCTS_DIR; };
		844DC8AF19DB6D6300C6DAC1 /* main.cpp */ = {isa = PBXFileReference; lastKnownFileType = sourcecode.cpp.cpp; path = main.cpp; sourceTree = "<group>"; };
		844DC8B119DB6D6300C6DAC1 /* ESN.1 */ = {isa = PBXFileReference; lastKnownFileType = text.man; path = ESN.1; sourceTree = "<group>"; };
		844DC8B819DB6DEB00C6DAC1 /* NARMA.cpp */ = {isa = PBXFileReference; fileEncoding = 4; lastKnownFileType = sourcecode.cpp.cpp; path = NARMA.cpp; sourceTree = "<group>"; };
		844DC8B919DB6DEB00C6DAC1 /* NARMA.h */ = {isa = PBXFileReference; fileEncoding = 4; lastKnownFileType = sourcecode.c.h; path = NARMA.h; sourceTree = "<group>"; };
		844DC8BB19DB77CA00C6DAC1 /* Input.cpp */ = {isa = PBXFileReference; fileEncoding = 4; lastKnownFileType = sourcecode.cpp.cpp; path = Input.cpp; sourceTree = "<group>"; };
		844DC8BC19DB77CA00C6DAC1 /* Input.h */ = {isa = PBXFileReference; fileEncoding = 4; lastKnownFileType = sourcecode.c.h; path = Input.h; sourceTree = "<group>"; };
		844DC8BE19DB783100C6DAC1 /* Attributes.h */ = {isa = PBXFileReference; fileEncoding = 4; lastKnownFileType = sourcecode.c.h; path = Attributes.h; sourceTree = "<group>"; };
		844DC8BF19DB7FA400C6DAC1 /* ESN.cpp */ = {isa = PBXFileReference; fileEncoding = 4; lastKnownFileType = sourcecode.cpp.cpp; path = ESN.cpp; sourceTree = "<group>"; };
		844DC8C019DB7FA400C6DAC1 /* ESN.h */ = {isa = PBXFileReference; fileEncoding = 4; lastKnownFileType = sourcecode.c.h; path = ESN.h; sourceTree = "<group>"; };
		844DC8C219DC04D500C6DAC1 /* Methods.h */ = {isa = PBXFileReference; fileEncoding = 4; lastKnownFileType = sourcecode.c.h; path = Methods.h; sourceTree = "<group>"; };
		84F04AEC19DC6D400038B6F3 /* MackeyGlass.cpp */ = {isa = PBXFileReference; fileEncoding = 4; lastKnownFileType = sourcecode.cpp.cpp; path = MackeyGlass.cpp; sourceTree = "<group>"; };
		84F04AED19DC6D400038B6F3 /* MackeyGlass.h */ = {isa = PBXFileReference; fileEncoding = 4; lastKnownFileType = sourcecode.c.h; path = MackeyGlass.h; sourceTree = "<group>"; };
/* End PBXFileReference section */

/* Begin PBXFrameworksBuildPhase section */
		844DC8A919DB6D6300C6DAC1 /* Frameworks */ = {
			isa = PBXFrameworksBuildPhase;
			buildActionMask = 2147483647;
			files = (
			);
			runOnlyForDeploymentPostprocessing = 0;
		};
/* End PBXFrameworksBuildPhase section */

/* Begin PBXGroup section */
		844DC8A319DB6D6300C6DAC1 = {
			isa = PBXGroup;
			children = (
				844DC8AE19DB6D6300C6DAC1 /* ESN */,
				844DC8AD19DB6D6300C6DAC1 /* Products */,
			);
			sourceTree = "<group>";
		};
		844DC8AD19DB6D6300C6DAC1 /* Products */ = {
			isa = PBXGroup;
			children = (
				844DC8AC19DB6D6300C6DAC1 /* ESN */,
			);
			name = Products;
			sourceTree = "<group>";
		};
		844DC8AE19DB6D6300C6DAC1 /* ESN */ = {
			isa = PBXGroup;
			children = (
				844DC8AF19DB6D6300C6DAC1 /* main.cpp */,
				844DC8BF19DB7FA400C6DAC1 /* ESN.cpp */,
				84F04AEC19DC6D400038B6F3 /* MackeyGlass.cpp */,
				84F04AED19DC6D400038B6F3 /* MackeyGlass.h */,
				844DC8C219DC04D500C6DAC1 /* Methods.h */,
				844DC8C019DB7FA400C6DAC1 /* ESN.h */,
				844DC8BB19DB77CA00C6DAC1 /* Input.cpp */,
				844DC8BC19DB77CA00C6DAC1 /* Input.h */,
				844DC8BE19DB783100C6DAC1 /* Attributes.h */,
				844DC8B819DB6DEB00C6DAC1 /* NARMA.cpp */,
				844DC8B919DB6DEB00C6DAC1 /* NARMA.h */,
				844DC8B119DB6D6300C6DAC1 /* ESN.1 */,
			);
			path = ESN;
			sourceTree = "<group>";
		};
/* End PBXGroup section */

/* Begin PBXNativeTarget section */
		844DC8AB19DB6D6300C6DAC1 /* ESN */ = {
			isa = PBXNativeTarget;
			buildConfigurationList = 844DC8B519DB6D6400C6DAC1 /* Build configuration list for PBXNativeTarget "ESN" */;
			buildPhases = (
				844DC8A819DB6D6300C6DAC1 /* Sources */,
				844DC8A919DB6D6300C6DAC1 /* Frameworks */,
				844DC8AA19DB6D6300C6DAC1 /* CopyFiles */,
			);
			buildRules = (
			);
			dependencies = (
			);
			name = ESN;
			productName = ESN;
			productReference = 844DC8AC19DB6D6300C6DAC1 /* ESN */;
			productType = "com.apple.product-type.tool";
		};
/* End PBXNativeTarget section */

/* Begin PBXProject section */
		844DC8A419DB6D6300C6DAC1 /* Project object */ = {
			isa = PBXProject;
			attributes = {
				LastUpgradeCheck = 0510;
				ORGANIZATIONNAME = AerophobicEmpurplement;
			};
			buildConfigurationList = 844DC8A719DB6D6300C6DAC1 /* Build configuration list for PBXProject "ESN" */;
			compatibilityVersion = "Xcode 3.2";
			developmentRegion = English;
			hasScannedForEncodings = 0;
			knownRegions = (
				en,
			);
			mainGroup = 844DC8A319DB6D6300C6DAC1;
			productRefGroup = 844DC8AD19DB6D6300C6DAC1 /* Products */;
			projectDirPath = "";
			projectRoot = "";
			targets = (
				844DC8AB19DB6D6300C6DAC1 /* ESN */,
			);
		};
/* End PBXProject section */

/* Begin PBXSourcesBuildPhase section */
		844DC8A819DB6D6300C6DAC1 /* Sources */ = {
			isa = PBXSourcesBuildPhase;
			buildActionMask = 2147483647;
			files = (
				844DC8BD19DB77CA00C6DAC1 /* Input.cpp in Sources */,
				844DC8B019DB6D6300C6DAC1 /* main.cpp in Sources */,
				844DC8C119DB7FA400C6DAC1 /* ESN.cpp in Sources */,
				844DC8BA19DB6DEB00C6DAC1 /* NARMA.cpp in Sources */,
				84F04AEE19DC6D400038B6F3 /* MackeyGlass.cpp in Sources */,
			);
			runOnlyForDeploymentPostprocessing = 0;
		};
/* End PBXSourcesBuildPhase section */

/* Begin XCBuildConfiguration section */
		844DC8B319DB6D6400C6DAC1 /* Debug */ = {
			isa = XCBuildConfiguration;
			buildSettings = {
				ALWAYS_SEARCH_USER_PATHS = NO;
				CLANG_CXX_LANGUAGE_STANDARD = "gnu++0x";
				CLANG_CXX_LIBRARY = "libc++";
				CLANG_ENABLE_MODULES = YES;
				CLANG_ENABLE_OBJC_ARC = YES;
				CLANG_WARN_BOOL_CONVERSION = YES;
				CLANG_WARN_CONSTANT_CONVERSION = YES;
				CLANG_WARN_DIRECT_OBJC_ISA_USAGE = YES_ERROR;
				CLANG_WARN_EMPTY_BODY = YES;
				CLANG_WARN_ENUM_CONVERSION = YES;
				CLANG_WARN_INT_CONVERSION = YES;
				CLANG_WARN_OBJC_ROOT_CLASS = YES_ERROR;
				CLANG_WARN__DUPLICATE_METHOD_MATCH = YES;
				COPY_PHASE_STRIP = NO;
				GCC_C_LANGUAGE_STANDARD = gnu99;
				GCC_DYNAMIC_NO_PIC = NO;
				GCC_ENABLE_OBJC_EXCEPTIONS = YES;
				GCC_OPTIMIZATION_LEVEL = 0;
				GCC_PREPROCESSOR_DEFINITIONS = (
					"DEBUG=1",
					"$(inherited)",
				);
				GCC_SYMBOLS_PRIVATE_EXTERN = NO;
				GCC_WARN_64_TO_32_BIT_CONVERSION = YES;
				GCC_WARN_ABOUT_RETURN_TYPE = YES_ERROR;
				GCC_WARN_UNDECLARED_SELECTOR = YES;
				GCC_WARN_UNINITIALIZED_AUTOS = YES_AGGRESSIVE;
				GCC_WARN_UNUSED_FUNCTION = YES;
				GCC_WARN_UNUSED_VARIABLE = YES;
				MACOSX_DEPLOYMENT_TARGET = 10.9;
				ONLY_ACTIVE_ARCH = YES;
				SDKROOT = macosx;
			};
			name = Debug;
		};
		844DC8B419DB6D6400C6DAC1 /* Release */ = {
			isa = XCBuildConfiguration;
			buildSettings = {
				ALWAYS_SEARCH_USER_PATHS = NO;
				CLANG_CXX_LANGUAGE_STANDARD = "gnu++0x";
				CLANG_CXX_LIBRARY = "libc++";
				CLANG_ENABLE_MODULES = YES;
				CLANG_ENABLE_OBJC_ARC = YES;
				CLANG_WARN_BOOL_CONVERSION = YES;
				CLANG_WARN_CONSTANT_CONVERSION = YES;
				CLANG_WARN_DIRECT_OBJC_ISA_USAGE = YES_ERROR;
				CLANG_WARN_EMPTY_BODY = YES;
				CLANG_WARN_ENUM_CONVERSION = YES;
				CLANG_WARN_INT_CONVERSION = YES;
				CLANG_WARN_OBJC_ROOT_CLASS = YES_ERROR;
				CLANG_WARN__DUPLICATE_METHOD_MATCH = YES;
				COPY_PHASE_STRIP = YES;
				DEBUG_INFORMATION_FORMAT = "dwarf-with-dsym";
				ENABLE_NS_ASSERTIONS = NO;
				GCC_C_LANGUAGE_STANDARD = gnu99;
				GCC_ENABLE_OBJC_EXCEPTIONS = YES;
				GCC_WARN_64_TO_32_BIT_CONVERSION = YES;
				GCC_WARN_ABOUT_RETURN_TYPE = YES_ERROR;
				GCC_WARN_UNDECLARED_SELECTOR = YES;
				GCC_WARN_UNINITIALIZED_AUTOS = YES_AGGRESSIVE;
				GCC_WARN_UNUSED_FUNCTION = YES;
				GCC_WARN_UNUSED_VARIABLE = YES;
				MACOSX_DEPLOYMENT_TARGET = 10.9;
				SDKROOT = macosx;
			};
			name = Release;
		};
		844DC8B619DB6D6400C6DAC1 /* Debug */ = {
			isa = XCBuildConfiguration;
			buildSettings = {
				HEADER_SEARCH_PATHS = (
					"$(inherited)",
					/Applications/Xcode.app/Contents/Developer/Toolchains/XcodeDefault.xctoolchain/usr/include,
					/usr/local/include/eigen3,
					/opt/local/include/,
				);
				OTHER_LDFLAGS = (
					"-framework",
					Accelerate,
				);
				PRODUCT_NAME = "$(TARGET_NAME)";
			};
			name = Debug;
		};
		844DC8B719DB6D6400C6DAC1 /* Release */ = {
			isa = XCBuildConfiguration;
			buildSettings = {
				HEADER_SEARCH_PATHS = (
					"$(inherited)",
					/Applications/Xcode.app/Contents/Developer/Toolchains/XcodeDefault.xctoolchain/usr/include,
					/usr/local/include/eigen3,
					/opt/local/include/,
				);
				OTHER_LDFLAGS = (
					"-framework",
					Accelerate,
				);
				PRODUCT_NAME = "$(TARGET_NAME)";
			};
			name = Release;
		};
/* End XCBuildConfiguration section */

/* Begin XCConfigurationList section */
		844DC8A719DB6D6300C6DAC1 /* Build configuration list for PBXProject "ESN" */ = {
			isa = XCConfigurationList;
			buildConfigurations = (
				844DC8B319DB6D6400C6DAC1 /* Debug */,
				844DC8B419DB6D6400C6DAC1 /* Release */,
			);
			defaultConfigurationIsVisible = 0;
			defaultConfigurationName = Release;
		};
		844DC8B519DB6D6400C6DAC1 /* Build configuration list for PBXNativeTarget "ESN" */ = {
			isa = XCConfigurationList;
			buildConfigurations = (
				844DC8B619DB6D6400C6DAC1 /* Debug */,
				844DC8B719DB6D6400C6DAC1 /* Release */,
			);
			defaultConfigurationIsVisible = 0;
			defaultConfigurationName = Release;
		};
/* End XCConfigurationList section */
	};
	rootObject = 844DC8A419DB6D6300C6DAC1 /* Project object */;
}
